// !$*UTF8*$!
{
	archiveVersion = 1;
	classes = {
	};
	objectVersion = 46;
	objects = {

/* Begin PBXBuildFile section */
		2B5C5F0D199299AC00D77E8F /* testtolua++.cpp in Sources */ = {isa = PBXBuildFile; fileRef = 2B5C5F0C199299AC00D77E8F /* testtolua++.cpp */; };
		2B5C5F1019929A1000D77E8F /* tclass.cpp in Sources */ = {isa = PBXBuildFile; fileRef = 2B5C5F0E19929A1000D77E8F /* tclass.cpp */; };
		2B5C5F1D19929A8B00D77E8F /* autogentestclassbindings.cpp in Sources */ = {isa = PBXBuildFile; fileRef = 2B5C5F1B19929A8B00D77E8F /* autogentestclassbindings.cpp */; };
		2B5C5F2219929DBD00D77E8F /* LuaBasicConversions.cpp in Sources */ = {isa = PBXBuildFile; fileRef = 2B5C5F1E19929DBD00D77E8F /* LuaBasicConversions.cpp */; };
		2B5C5F2319929DBD00D77E8F /* tolua_fix.cpp in Sources */ = {isa = PBXBuildFile; fileRef = 2B5C5F2019929DBD00D77E8F /* tolua_fix.cpp */; };
		742A4545198B966F00E2104C /* tolua_event.c in Sources */ = {isa = PBXBuildFile; fileRef = 742A453F198B966F00E2104C /* tolua_event.c */; };
		742A4546198B966F00E2104C /* tolua_is.c in Sources */ = {isa = PBXBuildFile; fileRef = 742A4541198B966F00E2104C /* tolua_is.c */; };
		742A4547198B966F00E2104C /* tolua_map.c in Sources */ = {isa = PBXBuildFile; fileRef = 742A4542198B966F00E2104C /* tolua_map.c */; };
		742A4548198B966F00E2104C /* tolua_push.c in Sources */ = {isa = PBXBuildFile; fileRef = 742A4543198B966F00E2104C /* tolua_push.c */; };
		742A4549198B966F00E2104C /* tolua_to.c in Sources */ = {isa = PBXBuildFile; fileRef = 742A4544198B966F00E2104C /* tolua_to.c */; };
		742A456C198B967F00E2104C /* tarray.cpp in Sources */ = {isa = PBXBuildFile; fileRef = 742A454B198B967F00E2104C /* tarray.cpp */; };
		742A4575198B9D2900E2104C /* tarraybind.cpp in Sources */ = {isa = PBXBuildFile; fileRef = 742A4574198B9D2900E2104C /* tarraybind.cpp */; };
/* End PBXBuildFile section */

/* Begin PBXCopyFilesBuildPhase section */
		740CF1DB1988C9DB0098342C /* CopyFiles */ = {
			isa = PBXCopyFilesBuildPhase;
			buildActionMask = 2147483647;
			dstPath = /usr/share/man/man1/;
			dstSubfolderSpec = 0;
			files = (
			);
			runOnlyForDeploymentPostprocessing = 1;
		};
		742A457A198B9F0C00E2104C /* CopyFiles */ = {
			isa = PBXCopyFilesBuildPhase;
			buildActionMask = 2147483647;
			dstPath = "";
			dstSubfolderSpec = 7;
			files = (
			);
			runOnlyForDeploymentPostprocessing = 0;
		};
/* End PBXCopyFilesBuildPhase section */

/* Begin PBXFileReference section */
		2B5C5F0C199299AC00D77E8F /* testtolua++.cpp */ = {isa = PBXFileReference; fileEncoding = 4; lastKnownFileType = sourcecode.cpp.cpp; path = "testtolua++.cpp"; sourceTree = "<group>"; };
		2B5C5F0E19929A1000D77E8F /* tclass.cpp */ = {isa = PBXFileReference; fileEncoding = 4; lastKnownFileType = sourcecode.cpp.cpp; path = tclass.cpp; sourceTree = "<group>"; };
		2B5C5F0F19929A1000D77E8F /* tclass.h */ = {isa = PBXFileReference; fileEncoding = 4; lastKnownFileType = sourcecode.c.h; path = tclass.h; sourceTree = "<group>"; };
		2B5C5F1119929A4800D77E8F /* script */ = {isa = PBXFileReference; lastKnownFileType = folder; name = script; path = "../tolua++/script"; sourceTree = "<group>"; };
		2B5C5F1519929A8B00D77E8F /* autogentestclassbindings_api.lua */ = {isa = PBXFileReference; fileEncoding = 4; lastKnownFileType = text; path = autogentestclassbindings_api.lua; sourceTree = "<group>"; };
		2B5C5F1619929A8B00D77E8F /* Tst_A.lua */ = {isa = PBXFileReference; fileEncoding = 4; lastKnownFileType = text; path = Tst_A.lua; sourceTree = "<group>"; };
		2B5C5F1719929A8B00D77E8F /* Tst_B.lua */ = {isa = PBXFileReference; fileEncoding = 4; lastKnownFileType = text; path = Tst_B.lua; sourceTree = "<group>"; };
		2B5C5F1819929A8B00D77E8F /* Tst_C.lua */ = {isa = PBXFileReference; fileEncoding = 4; lastKnownFileType = text; path = Tst_C.lua; sourceTree = "<group>"; };
		2B5C5F1919929A8B00D77E8F /* Tst_E.lua */ = {isa = PBXFileReference; fileEncoding = 4; lastKnownFileType = text; path = Tst_E.lua; sourceTree = "<group>"; };
		2B5C5F1A19929A8B00D77E8F /* Tst_Outside.lua */ = {isa = PBXFileReference; fileEncoding = 4; lastKnownFileType = text; path = Tst_Outside.lua; sourceTree = "<group>"; };
		2B5C5F1B19929A8B00D77E8F /* autogentestclassbindings.cpp */ = {isa = PBXFileReference; fileEncoding = 4; lastKnownFileType = sourcecode.cpp.cpp; path = autogentestclassbindings.cpp; sourceTree = "<group>"; };
		2B5C5F1C19929A8B00D77E8F /* autogentestclassbindings.hpp */ = {isa = PBXFileReference; fileEncoding = 4; lastKnownFileType = sourcecode.cpp.h; path = autogentestclassbindings.hpp; sourceTree = "<group>"; };
		2B5C5F1E19929DBD00D77E8F /* LuaBasicConversions.cpp */ = {isa = PBXFileReference; fileEncoding = 4; lastKnownFileType = sourcecode.cpp.cpp; path = LuaBasicConversions.cpp; sourceTree = "<group>"; };
		2B5C5F1F19929DBD00D77E8F /* LuaBasicConversions.h */ = {isa = PBXFileReference; fileEncoding = 4; lastKnownFileType = sourcecode.c.h; path = LuaBasicConversions.h; sourceTree = "<group>"; };
		2B5C5F2019929DBD00D77E8F /* tolua_fix.cpp */ = {isa = PBXFileReference; fileEncoding = 4; lastKnownFileType = sourcecode.cpp.cpp; path = tolua_fix.cpp; sourceTree = "<group>"; };
		2B5C5F2119929DBD00D77E8F /* tolua_fix.h */ = {isa = PBXFileReference; fileEncoding = 4; lastKnownFileType = sourcecode.c.h; path = tolua_fix.h; sourceTree = "<group>"; };
		740CF1DD1988C9DB0098342C /* testcpp */ = {isa = PBXFileReference; explicitFileType = "compiled.mach-o.executable"; includeInIndex = 0; path = testcpp; sourceTree = BUILT_PRODUCTS_DIR; };
		742A453E198B966F00E2104C /* tolua++.h */ = {isa = PBXFileReference; fileEncoding = 4; lastKnownFileType = sourcecode.c.h; path = "tolua++.h"; sourceTree = "<group>"; };
		742A453F198B966F00E2104C /* tolua_event.c */ = {isa = PBXFileReference; fileEncoding = 4; lastKnownFileType = sourcecode.c.c; path = tolua_event.c; sourceTree = "<group>"; };
		742A4540198B966F00E2104C /* tolua_event.h */ = {isa = PBXFileReference; fileEncoding = 4; lastKnownFileType = sourcecode.c.h; path = tolua_event.h; sourceTree = "<group>"; };
		742A4541198B966F00E2104C /* tolua_is.c */ = {isa = PBXFileReference; fileEncoding = 4; lastKnownFileType = sourcecode.c.c; path = tolua_is.c; sourceTree = "<group>"; };
		742A4542198B966F00E2104C /* tolua_map.c */ = {isa = PBXFileReference; fileEncoding = 4; lastKnownFileType = sourcecode.c.c; path = tolua_map.c; sourceTree = "<group>"; };
		742A4543198B966F00E2104C /* tolua_push.c */ = {isa = PBXFileReference; fileEncoding = 4; lastKnownFileType = sourcecode.c.c; path = tolua_push.c; sourceTree = "<group>"; };
		742A4544198B966F00E2104C /* tolua_to.c */ = {isa = PBXFileReference; fileEncoding = 4; lastKnownFileType = sourcecode.c.c; path = tolua_to.c; sourceTree = "<group>"; };
		742A454B198B967F00E2104C /* tarray.cpp */ = {isa = PBXFileReference; fileEncoding = 4; lastKnownFileType = sourcecode.cpp.cpp; path = tarray.cpp; sourceTree = "<group>"; };
		742A454C198B967F00E2104C /* tarray.h */ = {isa = PBXFileReference; fileEncoding = 4; lastKnownFileType = sourcecode.c.h; path = tarray.h; sourceTree = "<group>"; };
		742A4574198B9D2900E2104C /* tarraybind.cpp */ = {isa = PBXFileReference; fileEncoding = 4; lastKnownFileType = sourcecode.cpp.cpp; path = tarraybind.cpp; sourceTree = "<group>"; };
/* End PBXFileReference section */

/* Begin PBXFrameworksBuildPhase section */
		740CF1DA1988C9DB0098342C /* Frameworks */ = {
			isa = PBXFrameworksBuildPhase;
			buildActionMask = 2147483647;
			files = (
			);
			runOnlyForDeploymentPostprocessing = 0;
		};
/* End PBXFrameworksBuildPhase section */

/* Begin PBXGroup section */
		2B5C5F1319929A8B00D77E8F /* bindings */ = {
			isa = PBXGroup;
			children = (
				2B5C5F1419929A8B00D77E8F /* api */,
				2B5C5F1B19929A8B00D77E8F /* autogentestclassbindings.cpp */,
				2B5C5F1C19929A8B00D77E8F /* autogentestclassbindings.hpp */,
			);
			name = bindings;
			path = "../tolua++/bindings";
			sourceTree = "<group>";
		};
		2B5C5F1419929A8B00D77E8F /* api */ = {
			isa = PBXGroup;
			children = (
				2B5C5F1519929A8B00D77E8F /* autogentestclassbindings_api.lua */,
				2B5C5F1619929A8B00D77E8F /* Tst_A.lua */,
				2B5C5F1719929A8B00D77E8F /* Tst_B.lua */,
				2B5C5F1819929A8B00D77E8F /* Tst_C.lua */,
				2B5C5F1919929A8B00D77E8F /* Tst_E.lua */,
				2B5C5F1A19929A8B00D77E8F /* Tst_Outside.lua */,
			);
			path = api;
			sourceTree = "<group>";
		};
		740CF1D41988C9DA0098342C = {
			isa = PBXGroup;
			children = (
				742A453C198B964F00E2104C /* tolua */,
				740CF1E91988CA490098342C /* test */,
				740CF1DF1988C9DB0098342C /* testcpp */,
				740CF1DE1988C9DB0098342C /* Products */,
			);
			sourceTree = "<group>";
		};
		740CF1DE1988C9DB0098342C /* Products */ = {
			isa = PBXGroup;
			children = (
				740CF1DD1988C9DB0098342C /* testcpp */,
			);
			name = Products;
			sourceTree = "<group>";
		};
		740CF1DF1988C9DB0098342C /* testcpp */ = {
			isa = PBXGroup;
			children = (
			);
			path = testcpp;
			sourceTree = "<group>";
		};
		740CF1E91988CA490098342C /* test */ = {
			isa = PBXGroup;
			children = (
			);
			name = test;
			sourceTree = "<group>";
		};
		742A453C198B964F00E2104C /* tolua */ = {
			isa = PBXGroup;
			children = (
				2B5C5F1319929A8B00D77E8F /* bindings */,
				2B5C5F1119929A4800D77E8F /* script */,
				742A454A198B967F00E2104C /* test */,
				742A453D198B966F00E2104C /* src */,
			);
			name = tolua;
			sourceTree = "<group>";
		};
		742A453D198B966F00E2104C /* src */ = {
			isa = PBXGroup;
			children = (
				2B5C5F1E19929DBD00D77E8F /* LuaBasicConversions.cpp */,
				2B5C5F1F19929DBD00D77E8F /* LuaBasicConversions.h */,
				2B5C5F2019929DBD00D77E8F /* tolua_fix.cpp */,
				2B5C5F2119929DBD00D77E8F /* tolua_fix.h */,
				742A453E198B966F00E2104C /* tolua++.h */,
				742A453F198B966F00E2104C /* tolua_event.c */,
				742A4540198B966F00E2104C /* tolua_event.h */,
				742A4541198B966F00E2104C /* tolua_is.c */,
				742A4542198B966F00E2104C /* tolua_map.c */,
				742A4543198B966F00E2104C /* tolua_push.c */,
				742A4544198B966F00E2104C /* tolua_to.c */,
			);
			name = src;
			path = "../tolua++/src";
			sourceTree = "<group>";
		};
		742A454A198B967F00E2104C /* test */ = {
			isa = PBXGroup;
			children = (
				2B5C5F0E19929A1000D77E8F /* tclass.cpp */,
				2B5C5F0F19929A1000D77E8F /* tclass.h */,
				742A4574198B9D2900E2104C /* tarraybind.cpp */,
				742A454B198B967F00E2104C /* tarray.cpp */,
				742A454C198B967F00E2104C /* tarray.h */,
				2B5C5F0C199299AC00D77E8F /* testtolua++.cpp */,
			);
			name = test;
			path = "../tolua++/test";
			sourceTree = "<group>";
		};
/* End PBXGroup section */

/* Begin PBXNativeTarget section */
		740CF1DC1988C9DB0098342C /* testcpp */ = {
			isa = PBXNativeTarget;
			buildConfigurationList = 740CF1E61988C9DB0098342C /* Build configuration list for PBXNativeTarget "testcpp" */;
			buildPhases = (
				740CF1D91988C9DB0098342C /* Sources */,
				740CF1DA1988C9DB0098342C /* Frameworks */,
				740CF1DB1988C9DB0098342C /* CopyFiles */,
				742A457A198B9F0C00E2104C /* CopyFiles */,
			);
			buildRules = (
			);
			dependencies = (
			);
			name = testcpp;
			productName = testcpp;
			productReference = 740CF1DD1988C9DB0098342C /* testcpp */;
			productType = "com.apple.product-type.tool";
		};
/* End PBXNativeTarget section */

/* Begin PBXProject section */
		740CF1D51988C9DA0098342C /* Project object */ = {
			isa = PBXProject;
			attributes = {
				LastUpgradeCheck = 0510;
				ORGANIZATIONNAME = 7road;
			};
			buildConfigurationList = 740CF1D81988C9DA0098342C /* Build configuration list for PBXProject "testcpp" */;
			compatibilityVersion = "Xcode 3.2";
			developmentRegion = English;
			hasScannedForEncodings = 0;
			knownRegions = (
				en,
			);
			mainGroup = 740CF1D41988C9DA0098342C;
			productRefGroup = 740CF1DE1988C9DB0098342C /* Products */;
			projectDirPath = "";
			projectRoot = "";
			targets = (
				740CF1DC1988C9DB0098342C /* testcpp */,
			);
		};
/* End PBXProject section */

/* Begin PBXSourcesBuildPhase section */
		740CF1D91988C9DB0098342C /* Sources */ = {
			isa = PBXSourcesBuildPhase;
			buildActionMask = 2147483647;
			files = (
				2B5C5F1D19929A8B00D77E8F /* autogentestclassbindings.cpp in Sources */,
				742A456C198B967F00E2104C /* tarray.cpp in Sources */,
				2B5C5F0D199299AC00D77E8F /* testtolua++.cpp in Sources */,
				2B5C5F2219929DBD00D77E8F /* LuaBasicConversions.cpp in Sources */,
				2B5C5F1019929A1000D77E8F /* tclass.cpp in Sources */,
				742A4545198B966F00E2104C /* tolua_event.c in Sources */,
				742A4575198B9D2900E2104C /* tarraybind.cpp in Sources */,
				742A4548198B966F00E2104C /* tolua_push.c in Sources */,
				742A4549198B966F00E2104C /* tolua_to.c in Sources */,
				2B5C5F2319929DBD00D77E8F /* tolua_fix.cpp in Sources */,
				742A4547198B966F00E2104C /* tolua_map.c in Sources */,
				742A4546198B966F00E2104C /* tolua_is.c in Sources */,
			);
			runOnlyForDeploymentPostprocessing = 0;
		};
/* End PBXSourcesBuildPhase section */

/* Begin XCBuildConfiguration section */
		740CF1E41988C9DB0098342C /* Debug */ = {
			isa = XCBuildConfiguration;
			buildSettings = {
				ALWAYS_SEARCH_USER_PATHS = NO;
				CLANG_CXX_LANGUAGE_STANDARD = "gnu++0x";
				CLANG_CXX_LIBRARY = "libc++";
				CLANG_ENABLE_MODULES = YES;
				CLANG_ENABLE_OBJC_ARC = YES;
				CLANG_WARN_BOOL_CONVERSION = YES;
				CLANG_WARN_CONSTANT_CONVERSION = YES;
				CLANG_WARN_DIRECT_OBJC_ISA_USAGE = YES_ERROR;
				CLANG_WARN_EMPTY_BODY = YES;
				CLANG_WARN_ENUM_CONVERSION = YES;
				CLANG_WARN_INT_CONVERSION = YES;
				CLANG_WARN_OBJC_ROOT_CLASS = YES_ERROR;
				CLANG_WARN__DUPLICATE_METHOD_MATCH = YES;
				COPY_PHASE_STRIP = NO;
				GCC_C_LANGUAGE_STANDARD = gnu99;
				GCC_DYNAMIC_NO_PIC = NO;
				GCC_ENABLE_OBJC_EXCEPTIONS = YES;
				GCC_OPTIMIZATION_LEVEL = 0;
				GCC_PREPROCESSOR_DEFINITIONS = (
					"DEBUG=1",
					"$(inherited)",
				);
				GCC_SYMBOLS_PRIVATE_EXTERN = NO;
				GCC_WARN_64_TO_32_BIT_CONVERSION = YES;
				GCC_WARN_ABOUT_RETURN_TYPE = YES_ERROR;
				GCC_WARN_UNDECLARED_SELECTOR = YES;
				GCC_WARN_UNINITIALIZED_AUTOS = YES_AGGRESSIVE;
				GCC_WARN_UNUSED_FUNCTION = YES;
				GCC_WARN_UNUSED_VARIABLE = YES;
				MACOSX_DEPLOYMENT_TARGET = 10.9;
				ONLY_ACTIVE_ARCH = YES;
				SDKROOT = macosx;
			};
			name = Debug;
		};
		740CF1E51988C9DB0098342C /* Release */ = {
			isa = XCBuildConfiguration;
			buildSettings = {
				ALWAYS_SEARCH_USER_PATHS = NO;
				CLANG_CXX_LANGUAGE_STANDARD = "gnu++0x";
				CLANG_CXX_LIBRARY = "libc++";
				CLANG_ENABLE_MODULES = YES;
				CLANG_ENABLE_OBJC_ARC = YES;
				CLANG_WARN_BOOL_CONVERSION = YES;
				CLANG_WARN_CONSTANT_CONVERSION = YES;
				CLANG_WARN_DIRECT_OBJC_ISA_USAGE = YES_ERROR;
				CLANG_WARN_EMPTY_BODY = YES;
				CLANG_WARN_ENUM_CONVERSION = YES;
				CLANG_WARN_INT_CONVERSION = YES;
				CLANG_WARN_OBJC_ROOT_CLASS = YES_ERROR;
				CLANG_WARN__DUPLICATE_METHOD_MATCH = YES;
				COPY_PHASE_STRIP = YES;
				DEBUG_INFORMATION_FORMAT = "dwarf-with-dsym";
				ENABLE_NS_ASSERTIONS = NO;
				GCC_C_LANGUAGE_STANDARD = gnu99;
				GCC_ENABLE_OBJC_EXCEPTIONS = YES;
				GCC_WARN_64_TO_32_BIT_CONVERSION = YES;
				GCC_WARN_ABOUT_RETURN_TYPE = YES_ERROR;
				GCC_WARN_UNDECLARED_SELECTOR = YES;
				GCC_WARN_UNINITIALIZED_AUTOS = YES_AGGRESSIVE;
				GCC_WARN_UNUSED_FUNCTION = YES;
				GCC_WARN_UNUSED_VARIABLE = YES;
				MACOSX_DEPLOYMENT_TARGET = 10.9;
				SDKROOT = macosx;
			};
			name = Release;
		};
		740CF1E71988C9DB0098342C /* Debug */ = {
			isa = XCBuildConfiguration;
			buildSettings = {
				FRAMEWORK_SEARCH_PATHS = "";
				HEADER_SEARCH_PATHS = (
					"$(inherited)",
					/Applications/Xcode.app/Contents/Developer/Toolchains/XcodeDefault.xctoolchain/usr/include,
					/usr/local/include,
					"../tolua++/src/",
				);
				LIBRARY_SEARCH_PATHS = /usr/local/lib;
				OTHER_LDFLAGS = "-llua";
				PRODUCT_NAME = "$(TARGET_NAME)";
				USER_HEADER_SEARCH_PATHS = "";
			};
			name = Debug;
		};
		740CF1E81988C9DB0098342C /* Release */ = {
			isa = XCBuildConfiguration;
			buildSettings = {
				FRAMEWORK_SEARCH_PATHS = "";
				HEADER_SEARCH_PATHS = (
					"$(inherited)",
					/Applications/Xcode.app/Contents/Developer/Toolchains/XcodeDefault.xctoolchain/usr/include,
					/usr/local/include,
					"../tolua++/src/",
				);
				LIBRARY_SEARCH_PATHS = /usr/local/lib;
				OTHER_LDFLAGS = "-llua";
				PRODUCT_NAME = "$(TARGET_NAME)";
				USER_HEADER_SEARCH_PATHS = "";
			};
			name = Release;
		};
/* End XCBuildConfiguration section */

/* Begin XCConfigurationList section */
		740CF1D81988C9DA0098342C /* Build configuration list for PBXProject "testcpp" */ = {
			isa = XCConfigurationList;
			buildConfigurations = (
				740CF1E41988C9DB0098342C /* Debug */,
				740CF1E51988C9DB0098342C /* Release */,
			);
			defaultConfigurationIsVisible = 0;
			defaultConfigurationName = Release;
		};
		740CF1E61988C9DB0098342C /* Build configuration list for PBXNativeTarget "testcpp" */ = {
			isa = XCConfigurationList;
			buildConfigurations = (
				740CF1E71988C9DB0098342C /* Debug */,
				740CF1E81988C9DB0098342C /* Release */,
			);
			defaultConfigurationIsVisible = 0;
			defaultConfigurationName = Release;
		};
/* End XCConfigurationList section */
	};
	rootObject = 740CF1D51988C9DA0098342C /* Project object */;
}
